
Microsoft Visual Studio Solution File, Format Version 12.00
# Visual Studio Version 16
VisualStudioVersion = 16.0.28803.156
MinimumVisualStudioVersion = 10.0.40219.1
Project("{9A19103F-16F7-4668-BE54-9A1E7A4F7556}") = "EqAspNetCoreDemo", "EqAspNetCoreDemo\EqAspNetCoreDemo.csproj", "{572F57C2-9ED4-40D2-88A2-DED4C46191A7}"
EndProject
Project("{9A19103F-16F7-4668-BE54-9A1E7A4F7556}") = "EqAngularDemo", "EqAngularDemo\EqAngularDemo.csproj", "{C5538322-4CB5-4A52-AAF6-221CC3F1488B}"
EndProject
Project("{9A19103F-16F7-4668-BE54-9A1E7A4F7556}") = "EqReactDemo", "EqReactDemo\EqReactDemo.csproj", "{11BE2137-6E12-4F75-8C61-19384FE078D9}"
EndProject
Project("{9A19103F-16F7-4668-BE54-9A1E7A4F7556}") = "EqVueDemo", "EqVueDemo\EqVueDemo.csproj", "{3CCDBF68-5C14-4049-94C6-13C8FB654D06}"
EndProject
Project("{9A19103F-16F7-4668-BE54-9A1E7A4F7556}") = "EqAspNetCoreDemo2.2", "EqAspNetCoreDemo2.2\EqAspNetCoreDemo2.2.csproj", "{BF14869F-DBBC-427D-AFF1-2FB3FC3184BD}"
EndProject
Project("{9A19103F-16F7-4668-BE54-9A1E7A4F7556}") = "EqStencilDemo", "EqStencilDemo\EqStencilDemo.csproj", "{169E18D8-DEF7-45DB-9947-82B6AE0D49D4}"
EndProject
Global
	GlobalSection(SolutionConfigurationPlatforms) = preSolution
		Debug|Any CPU = Debug|Any CPU
		Debug|x64 = Debug|x64
		Debug|x86 = Debug|x86
		DebugDeep|Any CPU = DebugDeep|Any CPU
		DebugDeep|x64 = DebugDeep|x64
		DebugDeep|x86 = DebugDeep|x86
		Release|Any CPU = Release|Any CPU
		Release|x64 = Release|x64
		Release|x86 = Release|x86
	EndGlobalSection
	GlobalSection(ProjectConfigurationPlatforms) = postSolution
		{572F57C2-9ED4-40D2-88A2-DED4C46191A7}.Debug|Any CPU.ActiveCfg = Debug|Any CPU
		{572F57C2-9ED4-40D2-88A2-DED4C46191A7}.Debug|Any CPU.Build.0 = Debug|Any CPU
		{572F57C2-9ED4-40D2-88A2-DED4C46191A7}.Debug|x64.ActiveCfg = Debug|Any CPU
		{572F57C2-9ED4-40D2-88A2-DED4C46191A7}.Debug|x64.Build.0 = Debug|Any CPU
		{572F57C2-9ED4-40D2-88A2-DED4C46191A7}.Debug|x86.ActiveCfg = Debug|Any CPU
		{572F57C2-9ED4-40D2-88A2-DED4C46191A7}.Debug|x86.Build.0 = Debug|Any CPU
		{572F57C2-9ED4-40D2-88A2-DED4C46191A7}.DebugDeep|Any CPU.ActiveCfg = Debug|Any CPU
		{572F57C2-9ED4-40D2-88A2-DED4C46191A7}.DebugDeep|Any CPU.Build.0 = Debug|Any CPU
		{572F57C2-9ED4-40D2-88A2-DED4C46191A7}.DebugDeep|x64.ActiveCfg = Debug|Any CPU
		{572F57C2-9ED4-40D2-88A2-DED4C46191A7}.DebugDeep|x64.Build.0 = Debug|Any CPU
		{572F57C2-9ED4-40D2-88A2-DED4C46191A7}.DebugDeep|x86.ActiveCfg = Debug|Any CPU
		{572F57C2-9ED4-40D2-88A2-DED4C46191A7}.DebugDeep|x86.Build.0 = Debug|Any CPU
		{572F57C2-9ED4-40D2-88A2-DED4C46191A7}.Release|Any CPU.ActiveCfg = Release|Any CPU
		{572F57C2-9ED4-40D2-88A2-DED4C46191A7}.Release|Any CPU.Build.0 = Release|Any CPU
		{572F57C2-9ED4-40D2-88A2-DED4C46191A7}.Release|x64.ActiveCfg = Release|Any CPU
		{572F57C2-9ED4-40D2-88A2-DED4C46191A7}.Release|x64.Build.0 = Release|Any CPU
		{572F57C2-9ED4-40D2-88A2-DED4C46191A7}.Release|x86.ActiveCfg = Release|Any CPU
		{572F57C2-9ED4-40D2-88A2-DED4C46191A7}.Release|x86.Build.0 = Release|Any CPU
		{C5538322-4CB5-4A52-AAF6-221CC3F1488B}.Debug|Any CPU.ActiveCfg = Debug|Any CPU
		{C5538322-4CB5-4A52-AAF6-221CC3F1488B}.Debug|Any CPU.Build.0 = Debug|Any CPU
		{C5538322-4CB5-4A52-AAF6-221CC3F1488B}.Debug|x64.ActiveCfg = Debug|Any CPU
		{C5538322-4CB5-4A52-AAF6-221CC3F1488B}.Debug|x64.Build.0 = Debug|Any CPU
		{C5538322-4CB5-4A52-AAF6-221CC3F1488B}.Debug|x86.ActiveCfg = Debug|Any CPU
		{C5538322-4CB5-4A52-AAF6-221CC3F1488B}.Debug|x86.Build.0 = Debug|Any CPU
		{C5538322-4CB5-4A52-AAF6-221CC3F1488B}.DebugDeep|Any CPU.ActiveCfg = Debug|Any CPU
		{C5538322-4CB5-4A52-AAF6-221CC3F1488B}.DebugDeep|Any CPU.Build.0 = Debug|Any CPU
		{C5538322-4CB5-4A52-AAF6-221CC3F1488B}.DebugDeep|x64.ActiveCfg = Debug|Any CPU
		{C5538322-4CB5-4A52-AAF6-221CC3F1488B}.DebugDeep|x64.Build.0 = Debug|Any CPU
		{C5538322-4CB5-4A52-AAF6-221CC3F1488B}.DebugDeep|x86.ActiveCfg = Debug|Any CPU
		{C5538322-4CB5-4A52-AAF6-221CC3F1488B}.DebugDeep|x86.Build.0 = Debug|Any CPU
		{C5538322-4CB5-4A52-AAF6-221CC3F1488B}.Release|Any CPU.ActiveCfg = Release|Any CPU
		{C5538322-4CB5-4A52-AAF6-221CC3F1488B}.Release|Any CPU.Build.0 = Release|Any CPU
		{C5538322-4CB5-4A52-AAF6-221CC3F1488B}.Release|x64.ActiveCfg = Release|Any CPU
		{C5538322-4CB5-4A52-AAF6-221CC3F1488B}.Release|x64.Build.0 = Release|Any CPU
		{C5538322-4CB5-4A52-AAF6-221CC3F1488B}.Release|x86.ActiveCfg = Release|Any CPU
		{C5538322-4CB5-4A52-AAF6-221CC3F1488B}.Release|x86.Build.0 = Release|Any CPU
		{11BE2137-6E12-4F75-8C61-19384FE078D9}.Debug|Any CPU.ActiveCfg = Debug|Any CPU
		{11BE2137-6E12-4F75-8C61-19384FE078D9}.Debug|Any CPU.Build.0 = Debug|Any CPU
		{11BE2137-6E12-4F75-8C61-19384FE078D9}.Debug|x64.ActiveCfg = Debug|Any CPU
		{11BE2137-6E12-4F75-8C61-19384FE078D9}.Debug|x64.Build.0 = Debug|Any CPU
		{11BE2137-6E12-4F75-8C61-19384FE078D9}.Debug|x86.ActiveCfg = Debug|Any CPU
		{11BE2137-6E12-4F75-8C61-19384FE078D9}.Debug|x86.Build.0 = Debug|Any CPU
		{11BE2137-6E12-4F75-8C61-19384FE078D9}.DebugDeep|Any CPU.ActiveCfg = Debug|Any CPU
		{11BE2137-6E12-4F75-8C61-19384FE078D9}.DebugDeep|Any CPU.Build.0 = Debug|Any CPU
		{11BE2137-6E12-4F75-8C61-19384FE078D9}.DebugDeep|x64.ActiveCfg = Debug|Any CPU
		{11BE2137-6E12-4F75-8C61-19384FE078D9}.DebugDeep|x64.Build.0 = Debug|Any CPU
		{11BE2137-6E12-4F75-8C61-19384FE078D9}.DebugDeep|x86.ActiveCfg = Debug|Any CPU
		{11BE2137-6E12-4F75-8C61-19384FE078D9}.DebugDeep|x86.Build.0 = Debug|Any CPU
		{11BE2137-6E12-4F75-8C61-19384FE078D9}.Release|Any CPU.ActiveCfg = Release|Any CPU
		{11BE2137-6E12-4F75-8C61-19384FE078D9}.Release|Any CPU.Build.0 = Release|Any CPU
		{11BE2137-6E12-4F75-8C61-19384FE078D9}.Release|x64.ActiveCfg = Release|Any CPU
		{11BE2137-6E12-4F75-8C61-19384FE078D9}.Release|x64.Build.0 = Release|Any CPU
		{11BE2137-6E12-4F75-8C61-19384FE078D9}.Release|x86.ActiveCfg = Release|Any CPU
		{11BE2137-6E12-4F75-8C61-19384FE078D9}.Release|x86.Build.0 = Release|Any CPU
		{3CCDBF68-5C14-4049-94C6-13C8FB654D06}.Debug|Any CPU.ActiveCfg = Debug|Any CPU
		{3CCDBF68-5C14-4049-94C6-13C8FB654D06}.Debug|Any CPU.Build.0 = Debug|Any CPU
		{3CCDBF68-5C14-4049-94C6-13C8FB654D06}.Debug|x64.ActiveCfg = Debug|Any CPU
		{3CCDBF68-5C14-4049-94C6-13C8FB654D06}.Debug|x64.Build.0 = Debug|Any CPU
		{3CCDBF68-5C14-4049-94C6-13C8FB654D06}.Debug|x86.ActiveCfg = Debug|Any CPU
		{3CCDBF68-5C14-4049-94C6-13C8FB654D06}.Debug|x86.Build.0 = Debug|Any CPU
		{3CCDBF68-5C14-4049-94C6-13C8FB654D06}.DebugDeep|Any CPU.ActiveCfg = Debug|Any CPU
		{3CCDBF68-5C14-4049-94C6-13C8FB654D06}.DebugDeep|Any CPU.Build.0 = Debug|Any CPU
		{3CCDBF68-5C14-4049-94C6-13C8FB654D06}.DebugDeep|x64.ActiveCfg = Debug|Any CPU
		{3CCDBF68-5C14-4049-94C6-13C8FB654D06}.DebugDeep|x64.Build.0 = Debug|Any CPU
		{3CCDBF68-5C14-4049-94C6-13C8FB654D06}.DebugDeep|x86.ActiveCfg = Debug|Any CPU
		{3CCDBF68-5C14-4049-94C6-13C8FB654D06}.DebugDeep|x86.Build.0 = Debug|Any CPU
		{3CCDBF68-5C14-4049-94C6-13C8FB654D06}.Release|Any CPU.ActiveCfg = Release|Any CPU
		{3CCDBF68-5C14-4049-94C6-13C8FB654D06}.Release|Any CPU.Build.0 = Release|Any CPU
		{3CCDBF68-5C14-4049-94C6-13C8FB654D06}.Release|x64.ActiveCfg = Release|Any CPU
		{3CCDBF68-5C14-4049-94C6-13C8FB654D06}.Release|x64.Build.0 = Release|Any CPU
		{3CCDBF68-5C14-4049-94C6-13C8FB654D06}.Release|x86.ActiveCfg = Release|Any CPU
		{3CCDBF68-5C14-4049-94C6-13C8FB654D06}.Release|x86.Build.0 = Release|Any CPU
		{BF14869F-DBBC-427D-AFF1-2FB3FC3184BD}.Debug|Any CPU.ActiveCfg = Debug|Any CPU
		{BF14869F-DBBC-427D-AFF1-2FB3FC3184BD}.Debug|Any CPU.Build.0 = Debug|Any CPU
		{BF14869F-DBBC-427D-AFF1-2FB3FC3184BD}.Debug|x64.ActiveCfg = Debug|Any CPU
		{BF14869F-DBBC-427D-AFF1-2FB3FC3184BD}.Debug|x64.Build.0 = Debug|Any CPU
		{BF14869F-DBBC-427D-AFF1-2FB3FC3184BD}.Debug|x86.ActiveCfg = Debug|Any CPU
		{BF14869F-DBBC-427D-AFF1-2FB3FC3184BD}.Debug|x86.Build.0 = Debug|Any CPU
		{BF14869F-DBBC-427D-AFF1-2FB3FC3184BD}.DebugDeep|Any CPU.ActiveCfg = Debug|Any CPU
		{BF14869F-DBBC-427D-AFF1-2FB3FC3184BD}.DebugDeep|Any CPU.Build.0 = Debug|Any CPU
		{BF14869F-DBBC-427D-AFF1-2FB3FC3184BD}.DebugDeep|x64.ActiveCfg = Debug|Any CPU
		{BF14869F-DBBC-427D-AFF1-2FB3FC3184BD}.DebugDeep|x64.Build.0 = Debug|Any CPU
		{BF14869F-DBBC-427D-AFF1-2FB3FC3184BD}.DebugDeep|x86.ActiveCfg = Debug|Any CPU
		{BF14869F-DBBC-427D-AFF1-2FB3FC3184BD}.DebugDeep|x86.Build.0 = Debug|Any CPU
		{BF14869F-DBBC-427D-AFF1-2FB3FC3184BD}.Release|Any CPU.ActiveCfg = Release|Any CPU
		{BF14869F-DBBC-427D-AFF1-2FB3FC3184BD}.Release|Any CPU.Build.0 = Release|Any CPU
		{BF14869F-DBBC-427D-AFF1-2FB3FC3184BD}.Release|x64.ActiveCfg = Release|Any CPU
		{BF14869F-DBBC-427D-AFF1-2FB3FC3184BD}.Release|x64.Build.0 = Release|Any CPU
		{BF14869F-DBBC-427D-AFF1-2FB3FC3184BD}.Release|x86.ActiveCfg = Release|Any CPU
		{BF14869F-DBBC-427D-AFF1-2FB3FC3184BD}.Release|x86.Build.0 = Release|Any CPU
		{169E18D8-DEF7-45DB-9947-82B6AE0D49D4}.Debug|Any CPU.ActiveCfg = Debug|Any CPU
		{169E18D8-DEF7-45DB-9947-82B6AE0D49D4}.Debug|Any CPU.Build.0 = Debug|Any CPU
		{169E18D8-DEF7-45DB-9947-82B6AE0D49D4}.Debug|x64.ActiveCfg = Debug|Any CPU
		{169E18D8-DEF7-45DB-9947-82B6AE0D49D4}.Debug|x64.Build.0 = Debug|Any CPU
		{169E18D8-DEF7-45DB-9947-82B6AE0D49D4}.Debug|x86.ActiveCfg = Debug|Any CPU
		{169E18D8-DEF7-45DB-9947-82B6AE0D49D4}.Debug|x86.Build.0 = Debug|Any CPU
		{169E18D8-DEF7-45DB-9947-82B6AE0D49D4}.DebugDeep|Any CPU.ActiveCfg = Debug|Any CPU
		{169E18D8-DEF7-45DB-9947-82B6AE0D49D4}.DebugDeep|Any CPU.Build.0 = Debug|Any CPU
		{169E18D8-DEF7-45DB-9947-82B6AE0D49D4}.DebugDeep|x64.ActiveCfg = Debug|Any CPU
		{169E18D8-DEF7-45DB-9947-82B6AE0D49D4}.DebugDeep|x64.Build.0 = Debug|Any CPU
		{169E18D8-DEF7-45DB-9947-82B6AE0D49D4}.DebugDeep|x86.ActiveCfg = Debug|Any CPU
		{169E18D8-DEF7-45DB-9947-82B6AE0D49D4}.DebugDeep|x86.Build.0 = Debug|Any CPU
		{169E18D8-DEF7-45DB-9947-82B6AE0D49D4}.Release|Any CPU.ActiveCfg = Release|Any CPU
		{169E18D8-DEF7-45DB-9947-82B6AE0D49D4}.Release|Any CPU.Build.0 = Release|Any CPU
		{169E18D8-DEF7-45DB-9947-82B6AE0D49D4}.Release|x64.ActiveCfg = Release|Any CPU
		{169E18D8-DEF7-45DB-9947-82B6AE0D49D4}.Release|x64.Build.0 = Release|Any CPU
		{169E18D8-DEF7-45DB-9947-82B6AE0D49D4}.Release|x86.ActiveCfg = Release|Any CPU
		{169E18D8-DEF7-45DB-9947-82B6AE0D49D4}.Release|x86.Build.0 = Release|Any CPU
	EndGlobalSection
	GlobalSection(SolutionProperties) = preSolution
		HideSolutionNode = FALSE
	EndGlobalSection
	GlobalSection(ExtensibilityGlobals) = postSolution
		SolutionGuid = {08B4EA69-9776-4D12-8FAD-CFB8FCD57198}
	EndGlobalSection
EndGlobal
