
Microsoft Visual Studio Solution File, Format Version 12.00
# Visual Studio Version 16
VisualStudioVersion = 16.0.28803.156
MinimumVisualStudioVersion = 10.0.40219.1
Project("{9A19103F-16F7-4668-BE54-9A1E7A4F7556}") = "EqDemo.AspNetCoreRazor.AdvancedSearch", "EqDemo.AspNetCoreRazor.AdvancedSearch\EqDemo.AspNetCoreRazor.AdvancedSearch.csproj", "{73007886-BC76-48BF-9D5F-7A881F57434B}"
EndProject
Project("{9A19103F-16F7-4668-BE54-9A1E7A4F7556}") = "EqDemo.AspNetCoreMvc.DataFiltering", "EqDemo.AspNetCoreMvc.DataFiltering\EqDemo.AspNetCoreMvc.DataFiltering.csproj", "{5EFA421C-D200-487B-B845-507C30FB1DF8}"
EndProject
Project("{9A19103F-16F7-4668-BE54-9A1E7A4F7556}") = "EqDemo.AspNetCoreAngular.AdvancedSearch", "EqDemo.AspNetCoreAngular.AdvancedSearch\EqDemo.AspNetCoreAngular.AdvancedSearch.csproj", "{F476405D-39D4-4963-8BCE-EB36BB608BB4}"
EndProject
Project("{9A19103F-16F7-4668-BE54-9A1E7A4F7556}") = "EqDemo.AspNetCoreStencil.AdvancedSearch", "EqDemo.AspNetCoreStencil.AdvancedSearch\EqDemo.AspNetCoreStencil.AdvancedSearch.csproj", "{C4FA36DB-AAAF-4507-BCA5-9D8E3B143E9F}"
EndProject
Project("{9A19103F-16F7-4668-BE54-9A1E7A4F7556}") = "EqAspNetCoreDemo", "EqAspNetCoreDemo\EqAspNetCoreDemo.csproj", "{1E366542-A951-4EC1-9C8C-459DDA70702F}"
EndProject
Project("{9A19103F-16F7-4668-BE54-9A1E7A4F7556}") = "EqAspNetCoreDemo3.1", "EqAspNetCoreDemo3.1\EqAspNetCoreDemo3.1.csproj", "{A8C78134-DC33-4332-B945-BE664BD87B25}"
EndProject
Project("{9A19103F-16F7-4668-BE54-9A1E7A4F7556}") = "EqDemo.AspNetCoreReact.AdvancedSearch", "EqDemo.AspNetCoreReact.AdvancedSearch\EqDemo.AspNetCoreReact.AdvancedSearch.csproj", "{B5FBAD51-0DF1-4BB2-880F-E9257B909D17}"
EndProject
Project("{9A19103F-16F7-4668-BE54-9A1E7A4F7556}") = "EqDemo.AspNetCoreVue.AdvancedSearch", "EqDemo.AspNetCoreVue.AdvancedSearch\EqDemo.AspNetCoreVue.AdvancedSearch.csproj", "{3B4A63CB-DDB3-4659-A4EE-F71B0835537C}"
EndProject
Project("{9A19103F-16F7-4668-BE54-9A1E7A4F7556}") = "EqDemo.AspNetCoreRazor.AdhocReporting", "EqDemo.AspNetCoreRazor.AdHocReporting\EqDemo.AspNetCoreRazor.AdhocReporting.csproj", "{1CB1D2E7-EA32-419D-95E8-A15C81A602A3}"
EndProject
Project("{9A19103F-16F7-4668-BE54-9A1E7A4F7556}") = "EqDemo.AspNetCoreRazorTypeScript.AdhocReporting", "EqDemo.AspNetCoreRazorTypeScript.AdHocReporting\EqDemo.AspNetCoreRazorTypeScript.AdhocReporting.csproj", "{869789F5-FAF3-4263-8FFF-C91C9A560408}"
EndProject
Project("{9A19103F-16F7-4668-BE54-9A1E7A4F7556}") = "EqDemo.AspNetCoreRazor.DataFiltering", "EqDemo.AspNetCoreRazor.DataFiltering\EqDemo.AspNetCoreRazor.DataFiltering.csproj", "{56D30361-491D-47CB-BF48-B9520FE41134}"
EndProject
Global
	GlobalSection(SolutionConfigurationPlatforms) = preSolution
		Debug|Any CPU = Debug|Any CPU
		Release|Any CPU = Release|Any CPU
	EndGlobalSection
	GlobalSection(ProjectConfigurationPlatforms) = postSolution
		{73007886-BC76-48BF-9D5F-7A881F57434B}.Debug|Any CPU.ActiveCfg = Debug|Any CPU
		{73007886-BC76-48BF-9D5F-7A881F57434B}.Debug|Any CPU.Build.0 = Debug|Any CPU
		{73007886-BC76-48BF-9D5F-7A881F57434B}.Release|Any CPU.ActiveCfg = Release|Any CPU
		{73007886-BC76-48BF-9D5F-7A881F57434B}.Release|Any CPU.Build.0 = Release|Any CPU
		{5EFA421C-D200-487B-B845-507C30FB1DF8}.Debug|Any CPU.ActiveCfg = Debug|Any CPU
		{5EFA421C-D200-487B-B845-507C30FB1DF8}.Debug|Any CPU.Build.0 = Debug|Any CPU
		{5EFA421C-D200-487B-B845-507C30FB1DF8}.Release|Any CPU.ActiveCfg = Release|Any CPU
		{5EFA421C-D200-487B-B845-507C30FB1DF8}.Release|Any CPU.Build.0 = Release|Any CPU
		{F476405D-39D4-4963-8BCE-EB36BB608BB4}.Debug|Any CPU.ActiveCfg = Debug|Any CPU
		{F476405D-39D4-4963-8BCE-EB36BB608BB4}.Debug|Any CPU.Build.0 = Debug|Any CPU
		{F476405D-39D4-4963-8BCE-EB36BB608BB4}.Release|Any CPU.ActiveCfg = Release|Any CPU
		{F476405D-39D4-4963-8BCE-EB36BB608BB4}.Release|Any CPU.Build.0 = Release|Any CPU
		{C4FA36DB-AAAF-4507-BCA5-9D8E3B143E9F}.Debug|Any CPU.ActiveCfg = Debug|Any CPU
		{C4FA36DB-AAAF-4507-BCA5-9D8E3B143E9F}.Debug|Any CPU.Build.0 = Debug|Any CPU
		{C4FA36DB-AAAF-4507-BCA5-9D8E3B143E9F}.Release|Any CPU.ActiveCfg = Release|Any CPU
		{C4FA36DB-AAAF-4507-BCA5-9D8E3B143E9F}.Release|Any CPU.Build.0 = Release|Any CPU
		{1E366542-A951-4EC1-9C8C-459DDA70702F}.Debug|Any CPU.ActiveCfg = Debug|Any CPU
		{1E366542-A951-4EC1-9C8C-459DDA70702F}.Debug|Any CPU.Build.0 = Debug|Any CPU
		{1E366542-A951-4EC1-9C8C-459DDA70702F}.Release|Any CPU.ActiveCfg = Release|Any CPU
		{1E366542-A951-4EC1-9C8C-459DDA70702F}.Release|Any CPU.Build.0 = Release|Any CPU
		{A8C78134-DC33-4332-B945-BE664BD87B25}.Debug|Any CPU.ActiveCfg = Debug|Any CPU
		{A8C78134-DC33-4332-B945-BE664BD87B25}.Debug|Any CPU.Build.0 = Debug|Any CPU
		{A8C78134-DC33-4332-B945-BE664BD87B25}.Release|Any CPU.ActiveCfg = Release|Any CPU
		{A8C78134-DC33-4332-B945-BE664BD87B25}.Release|Any CPU.Build.0 = Release|Any CPU
		{B5FBAD51-0DF1-4BB2-880F-E9257B909D17}.Debug|Any CPU.ActiveCfg = Debug|Any CPU
		{B5FBAD51-0DF1-4BB2-880F-E9257B909D17}.Debug|Any CPU.Build.0 = Debug|Any CPU
		{B5FBAD51-0DF1-4BB2-880F-E9257B909D17}.Release|Any CPU.ActiveCfg = Release|Any CPU
		{B5FBAD51-0DF1-4BB2-880F-E9257B909D17}.Release|Any CPU.Build.0 = Release|Any CPU
		{3B4A63CB-DDB3-4659-A4EE-F71B0835537C}.Debug|Any CPU.ActiveCfg = Debug|Any CPU
		{3B4A63CB-DDB3-4659-A4EE-F71B0835537C}.Debug|Any CPU.Build.0 = Debug|Any CPU
		{3B4A63CB-DDB3-4659-A4EE-F71B0835537C}.Release|Any CPU.ActiveCfg = Release|Any CPU
		{3B4A63CB-DDB3-4659-A4EE-F71B0835537C}.Release|Any CPU.Build.0 = Release|Any CPU
		{1CB1D2E7-EA32-419D-95E8-A15C81A602A3}.Debug|Any CPU.ActiveCfg = Debug|Any CPU
		{1CB1D2E7-EA32-419D-95E8-A15C81A602A3}.Debug|Any CPU.Build.0 = Debug|Any CPU
		{1CB1D2E7-EA32-419D-95E8-A15C81A602A3}.Release|Any CPU.ActiveCfg = Release|Any CPU
		{1CB1D2E7-EA32-419D-95E8-A15C81A602A3}.Release|Any CPU.Build.0 = Release|Any CPU
		{869789F5-FAF3-4263-8FFF-C91C9A560408}.Debug|Any CPU.ActiveCfg = Debug|Any CPU
		{869789F5-FAF3-4263-8FFF-C91C9A560408}.Debug|Any CPU.Build.0 = Debug|Any CPU
		{869789F5-FAF3-4263-8FFF-C91C9A560408}.Release|Any CPU.ActiveCfg = Release|Any CPU
		{869789F5-FAF3-4263-8FFF-C91C9A560408}.Release|Any CPU.Build.0 = Release|Any CPU
		{56D30361-491D-47CB-BF48-B9520FE41134}.Debug|Any CPU.ActiveCfg = Debug|Any CPU
		{56D30361-491D-47CB-BF48-B9520FE41134}.Debug|Any CPU.Build.0 = Debug|Any CPU
		{56D30361-491D-47CB-BF48-B9520FE41134}.Release|Any CPU.ActiveCfg = Release|Any CPU
		{56D30361-491D-47CB-BF48-B9520FE41134}.Release|Any CPU.Build.0 = Release|Any CPU
	EndGlobalSection
	GlobalSection(SolutionProperties) = preSolution
		HideSolutionNode = FALSE
	EndGlobalSection
	GlobalSection(ExtensibilityGlobals) = postSolution
		SolutionGuid = {08B4EA69-9776-4D12-8FAD-CFB8FCD57198}
	EndGlobalSection
EndGlobal
