
Microsoft Visual Studio Solution File, Format Version 12.00
# Visual Studio 15
VisualStudioVersion = 15.0.27130.2010
MinimumVisualStudioVersion = 10.0.40219.1
Project("{FAE04EC0-301F-11D3-BF4B-00C04F79EFBC}") = "EqAspNetCoreDemo", "EqAspNetCoreDemo\EqAspNetCoreDemo.csproj", "{572F57C2-9ED4-40D2-88A2-DED4C46191A7}"
EndProject
Project("{9A19103F-16F7-4668-BE54-9A1E7A4F7556}") = "EqAngularDemo", "EqAngularDemo\EqAngularDemo.csproj", "{C5538322-4CB5-4A52-AAF6-221CC3F1488B}"
EndProject
Global
	GlobalSection(SolutionConfigurationPlatforms) = preSolution
		Debug|Any CPU = Debug|Any CPU
		Debug|x64 = Debug|x64
		Debug|x86 = Debug|x86
		DebugDeep|Any CPU = DebugDeep|Any CPU
		DebugDeep|x64 = DebugDeep|x64
		DebugDeep|x86 = DebugDeep|x86
		Release|Any CPU = Release|Any CPU
		Release|x64 = Release|x64
		Release|x86 = Release|x86
	EndGlobalSection
	GlobalSection(ProjectConfigurationPlatforms) = postSolution
		{572F57C2-9ED4-40D2-88A2-DED4C46191A7}.Debug|Any CPU.ActiveCfg = Debug|Any CPU
		{572F57C2-9ED4-40D2-88A2-DED4C46191A7}.Debug|Any CPU.Build.0 = Debug|Any CPU
		{572F57C2-9ED4-40D2-88A2-DED4C46191A7}.Debug|x64.ActiveCfg = Debug|Any CPU
		{572F57C2-9ED4-40D2-88A2-DED4C46191A7}.Debug|x64.Build.0 = Debug|Any CPU
		{572F57C2-9ED4-40D2-88A2-DED4C46191A7}.Debug|x86.ActiveCfg = Debug|Any CPU
		{572F57C2-9ED4-40D2-88A2-DED4C46191A7}.Debug|x86.Build.0 = Debug|Any CPU
		{572F57C2-9ED4-40D2-88A2-DED4C46191A7}.DebugDeep|Any CPU.ActiveCfg = Debug|Any CPU
		{572F57C2-9ED4-40D2-88A2-DED4C46191A7}.DebugDeep|Any CPU.Build.0 = Debug|Any CPU
		{572F57C2-9ED4-40D2-88A2-DED4C46191A7}.DebugDeep|x64.ActiveCfg = Debug|Any CPU
		{572F57C2-9ED4-40D2-88A2-DED4C46191A7}.DebugDeep|x64.Build.0 = Debug|Any CPU
		{572F57C2-9ED4-40D2-88A2-DED4C46191A7}.DebugDeep|x86.ActiveCfg = Debug|Any CPU
		{572F57C2-9ED4-40D2-88A2-DED4C46191A7}.DebugDeep|x86.Build.0 = Debug|Any CPU
		{572F57C2-9ED4-40D2-88A2-DED4C46191A7}.Release|Any CPU.ActiveCfg = Release|Any CPU
		{572F57C2-9ED4-40D2-88A2-DED4C46191A7}.Release|Any CPU.Build.0 = Release|Any CPU
		{572F57C2-9ED4-40D2-88A2-DED4C46191A7}.Release|x64.ActiveCfg = Release|Any CPU
		{572F57C2-9ED4-40D2-88A2-DED4C46191A7}.Release|x64.Build.0 = Release|Any CPU
		{572F57C2-9ED4-40D2-88A2-DED4C46191A7}.Release|x86.ActiveCfg = Release|Any CPU
		{572F57C2-9ED4-40D2-88A2-DED4C46191A7}.Release|x86.Build.0 = Release|Any CPU
		{C5538322-4CB5-4A52-AAF6-221CC3F1488B}.Debug|Any CPU.ActiveCfg = Debug|Any CPU
		{C5538322-4CB5-4A52-AAF6-221CC3F1488B}.Debug|Any CPU.Build.0 = Debug|Any CPU
		{C5538322-4CB5-4A52-AAF6-221CC3F1488B}.Debug|x64.ActiveCfg = Debug|Any CPU
		{C5538322-4CB5-4A52-AAF6-221CC3F1488B}.Debug|x64.Build.0 = Debug|Any CPU
		{C5538322-4CB5-4A52-AAF6-221CC3F1488B}.Debug|x86.ActiveCfg = Debug|Any CPU
		{C5538322-4CB5-4A52-AAF6-221CC3F1488B}.Debug|x86.Build.0 = Debug|Any CPU
		{C5538322-4CB5-4A52-AAF6-221CC3F1488B}.DebugDeep|Any CPU.ActiveCfg = Debug|Any CPU
		{C5538322-4CB5-4A52-AAF6-221CC3F1488B}.DebugDeep|Any CPU.Build.0 = Debug|Any CPU
		{C5538322-4CB5-4A52-AAF6-221CC3F1488B}.DebugDeep|x64.ActiveCfg = Debug|Any CPU
		{C5538322-4CB5-4A52-AAF6-221CC3F1488B}.DebugDeep|x64.Build.0 = Debug|Any CPU
		{C5538322-4CB5-4A52-AAF6-221CC3F1488B}.DebugDeep|x86.ActiveCfg = Debug|Any CPU
		{C5538322-4CB5-4A52-AAF6-221CC3F1488B}.DebugDeep|x86.Build.0 = Debug|Any CPU
		{C5538322-4CB5-4A52-AAF6-221CC3F1488B}.Release|Any CPU.ActiveCfg = Release|Any CPU
		{C5538322-4CB5-4A52-AAF6-221CC3F1488B}.Release|Any CPU.Build.0 = Release|Any CPU
		{C5538322-4CB5-4A52-AAF6-221CC3F1488B}.Release|x64.ActiveCfg = Release|Any CPU
		{C5538322-4CB5-4A52-AAF6-221CC3F1488B}.Release|x64.Build.0 = Release|Any CPU
		{C5538322-4CB5-4A52-AAF6-221CC3F1488B}.Release|x86.ActiveCfg = Release|Any CPU
		{C5538322-4CB5-4A52-AAF6-221CC3F1488B}.Release|x86.Build.0 = Release|Any CPU
	EndGlobalSection
	GlobalSection(SolutionProperties) = preSolution
		HideSolutionNode = FALSE
	EndGlobalSection
	GlobalSection(ExtensibilityGlobals) = postSolution
		SolutionGuid = {08B4EA69-9776-4D12-8FAD-CFB8FCD57198}
	EndGlobalSection
EndGlobal
