
Microsoft Visual Studio Solution File, Format Version 12.00
# Visual Studio Version 16
VisualStudioVersion = 16.0.30804.86
MinimumVisualStudioVersion = 10.0.40219.1
Project("{FAE04EC0-301F-11D3-BF4B-00C04F79EFBC}") = "EqDemo.Wpf.AdvancedSearch", "Wpf\EqDemoWpfNet4\EqDemo.Wpf.AdvancedSearch.csproj", "{A1ACB19F-E36C-43B8-9BC6-BA79DF916366}"
EndProject
Global
	GlobalSection(SolutionConfigurationPlatforms) = preSolution
		Debug|Any CPU = Debug|Any CPU
		Release|Any CPU = Release|Any CPU
	EndGlobalSection
	GlobalSection(ProjectConfigurationPlatforms) = postSolution
		{A1ACB19F-E36C-43B8-9BC6-BA79DF916366}.Debug|Any CPU.ActiveCfg = Debug|Any CPU
		{A1ACB19F-E36C-43B8-9BC6-BA79DF916366}.Debug|Any CPU.Build.0 = Debug|Any CPU
		{A1ACB19F-E36C-43B8-9BC6-BA79DF916366}.Release|Any CPU.ActiveCfg = Release|Any CPU
		{A1ACB19F-E36C-43B8-9BC6-BA79DF916366}.Release|Any CPU.Build.0 = Release|Any CPU
	EndGlobalSection
	GlobalSection(SolutionProperties) = preSolution
		HideSolutionNode = FALSE
	EndGlobalSection
	GlobalSection(ExtensibilityGlobals) = postSolution
		SolutionGuid = {7019B600-62CA-4531-B11E-68E1E2FA5FA8}
	EndGlobalSection
EndGlobal
