
Microsoft Visual Studio Solution File, Format Version 12.00
# Visual Studio Version 17
VisualStudioVersion = 17.0.32112.339
MinimumVisualStudioVersion = 10.0.40219.1
Project("{9A19103F-16F7-4668-BE54-9A1E7A4F7556}") = "EqDemo.AspNetCoreBlazorWebAsm.AdhocReporting.Server", "AspNetCore\Blazor\AdHocReporting.BlazorWebAsmNet5\Server\EqDemo.AspNetCoreBlazorWebAsm.AdhocReporting.Server.csproj", "{74EDB881-63ED-43C4-8DD4-512978135CAF}"
EndProject
Project("{9A19103F-16F7-4668-BE54-9A1E7A4F7556}") = "EqDemo.AspNetCoreBlazorWebAsm.AdhocReporting.Client", "AspNetCore\Blazor\AdHocReporting.BlazorWebAsmNet5\Client\EqDemo.AspNetCoreBlazorWebAsm.AdhocReporting.Client.csproj", "{29D41145-DBE9-4403-8A30-9F753A4C3F55}"
EndProject
Project("{9A19103F-16F7-4668-BE54-9A1E7A4F7556}") = "EqDemo.AspNetCoreBlazorWebAsm.AdhocReporting.Shared", "AspNetCore\Blazor\AdHocReporting.BlazorWebAsmNet5\Shared\EqDemo.AspNetCoreBlazorWebAsm.AdhocReporting.Shared.csproj", "{3C35905F-DCBD-4C68-BEDF-D738101FC38F}"
EndProject
Project("{2150E333-8FDC-42A3-9474-1A3956D46DE8}") = "EqDemo.AspNetCoreBlazorWebAsmNet5", "EqDemo.AspNetCoreBlazorWebAsmNet5", "{81579B4C-47D5-45B9-998E-D280C5F29732}"
EndProject
Project("{FAE04EC0-301F-11D3-BF4B-00C04F79EFBC}") = "AdvancedSearch.BlazorServerApp", "AspNetCore\Blazor\AdvancedSearch.BlazorServerApp\EqDemo.AspNetCoreBlazorServer.AdvancedSearch.csproj", "{C71C549E-EA4B-4619-A2BE-0665CBE66286}"
EndProject
Global
	GlobalSection(SolutionConfigurationPlatforms) = preSolution
		Debug|Any CPU = Debug|Any CPU
		Release|Any CPU = Release|Any CPU
	EndGlobalSection
	GlobalSection(ProjectConfigurationPlatforms) = postSolution
		{74EDB881-63ED-43C4-8DD4-512978135CAF}.Debug|Any CPU.ActiveCfg = Debug|Any CPU
		{74EDB881-63ED-43C4-8DD4-512978135CAF}.Debug|Any CPU.Build.0 = Debug|Any CPU
		{74EDB881-63ED-43C4-8DD4-512978135CAF}.Release|Any CPU.ActiveCfg = Release|Any CPU
		{74EDB881-63ED-43C4-8DD4-512978135CAF}.Release|Any CPU.Build.0 = Release|Any CPU
		{29D41145-DBE9-4403-8A30-9F753A4C3F55}.Debug|Any CPU.ActiveCfg = Debug|Any CPU
		{29D41145-DBE9-4403-8A30-9F753A4C3F55}.Debug|Any CPU.Build.0 = Debug|Any CPU
		{29D41145-DBE9-4403-8A30-9F753A4C3F55}.Release|Any CPU.ActiveCfg = Release|Any CPU
		{29D41145-DBE9-4403-8A30-9F753A4C3F55}.Release|Any CPU.Build.0 = Release|Any CPU
		{3C35905F-DCBD-4C68-BEDF-D738101FC38F}.Debug|Any CPU.ActiveCfg = Debug|Any CPU
		{3C35905F-DCBD-4C68-BEDF-D738101FC38F}.Debug|Any CPU.Build.0 = Debug|Any CPU
		{3C35905F-DCBD-4C68-BEDF-D738101FC38F}.Release|Any CPU.ActiveCfg = Release|Any CPU
		{3C35905F-DCBD-4C68-BEDF-D738101FC38F}.Release|Any CPU.Build.0 = Release|Any CPU
		{C71C549E-EA4B-4619-A2BE-0665CBE66286}.Debug|Any CPU.ActiveCfg = Debug|Any CPU
		{C71C549E-EA4B-4619-A2BE-0665CBE66286}.Debug|Any CPU.Build.0 = Debug|Any CPU
		{C71C549E-EA4B-4619-A2BE-0665CBE66286}.Release|Any CPU.ActiveCfg = Release|Any CPU
		{C71C549E-EA4B-4619-A2BE-0665CBE66286}.Release|Any CPU.Build.0 = Release|Any CPU
	EndGlobalSection
	GlobalSection(SolutionProperties) = preSolution
		HideSolutionNode = FALSE
	EndGlobalSection
	GlobalSection(NestedProjects) = preSolution
		{74EDB881-63ED-43C4-8DD4-512978135CAF} = {81579B4C-47D5-45B9-998E-D280C5F29732}
		{29D41145-DBE9-4403-8A30-9F753A4C3F55} = {81579B4C-47D5-45B9-998E-D280C5F29732}
		{3C35905F-DCBD-4C68-BEDF-D738101FC38F} = {81579B4C-47D5-45B9-998E-D280C5F29732}
	EndGlobalSection
	GlobalSection(ExtensibilityGlobals) = postSolution
		SolutionGuid = {08B4EA69-9776-4D12-8FAD-CFB8FCD57198}
	EndGlobalSection
EndGlobal
