
Microsoft Visual Studio Solution File, Format Version 12.00
# Visual Studio Version 17
VisualStudioVersion = 17.0.32112.339
MinimumVisualStudioVersion = 10.0.40219.1
Project("{2150E333-8FDC-42A3-9474-1A3956D46DE8}") = "Angular", "Angular", "{05B73A78-F79B-4850-B426-E42FF18D893A}"
EndProject
Project("{2150E333-8FDC-42A3-9474-1A3956D46DE8}") = "React", "React", "{D1E3E79A-88D8-4914-B20E-F598FF93B496}"
EndProject
Project("{2150E333-8FDC-42A3-9474-1A3956D46DE8}") = "Stencil", "Stencil", "{F479CC93-A463-418D-94EB-36C740A33879}"
EndProject
Project("{2150E333-8FDC-42A3-9474-1A3956D46DE8}") = "Vue", "Vue", "{B3073273-2DF6-4853-A1FC-4EFFDD7E1422}"
EndProject
Project("{2150E333-8FDC-42A3-9474-1A3956D46DE8}") = "Razor-Mvc", "Razor-Mvc", "{1776D551-217D-4D0D-B255-5F4DF15AC492}"
EndProject
Project("{9A19103F-16F7-4668-BE54-9A1E7A4F7556}") = "EqDemo.AspNetCoreReact.AdvancedSearch", "AspNetCore\React\AdvancedSearch\EqDemo.AspNetCoreReact.AdvancedSearch.csproj", "{E6BD0C2A-8447-41C5-946B-3EBC9E7489C6}"
EndProject
Project("{9A19103F-16F7-4668-BE54-9A1E7A4F7556}") = "EqDemo.AspNetCoreStencil.AdvancedSearch", "AspNetCore\Stencil\AdvancedSearch\EqDemo.AspNetCoreStencil.AdvancedSearch.csproj", "{61D26EA2-338F-45F9-804F-6DC29A266470}"
EndProject
Project("{9A19103F-16F7-4668-BE54-9A1E7A4F7556}") = "EqDemo.AspNetCoreVue.AdvancedSearch", "AspNetCore\Vue\AdvancedSearch\EqDemo.AspNetCoreVue.AdvancedSearch.csproj", "{3E09145C-B472-47E8-811B-76388A70901F}"
EndProject
Project("{9A19103F-16F7-4668-BE54-9A1E7A4F7556}") = "EqDemo.AspNetCoreMvc.DataFiltering", "AspNetCore\Razor-Mvc\Mvc.DataFiltering\EqDemo.AspNetCoreMvc.DataFiltering.csproj", "{4B7F5C07-95A5-451D-9572-96DC36792687}"
EndProject
Project("{9A19103F-16F7-4668-BE54-9A1E7A4F7556}") = "EqDemo.AspNetCoreRazor.AdhocReporting", "AspNetCore\Razor-Mvc\Razor.AdHocReporting\EqDemo.AspNetCoreRazor.AdhocReporting.csproj", "{0F6AE9C6-4353-4014-808B-35E02F77D6B3}"
EndProject
Project("{9A19103F-16F7-4668-BE54-9A1E7A4F7556}") = "EqDemo.AspNetCoreRazor.AdvancedSearch", "AspNetCore\Razor-Mvc\Razor.AdvancedSearch\EqDemo.AspNetCoreRazor.AdvancedSearch.csproj", "{5DF54061-EBA9-4C8F-A41F-59E8AF0BC697}"
EndProject
Project("{9A19103F-16F7-4668-BE54-9A1E7A4F7556}") = "EqDemo.AspNetCoreRazor.DataFiltering", "AspNetCore\Razor-Mvc\Razor.DataFiltering\EqDemo.AspNetCoreRazor.DataFiltering.csproj", "{C1656C69-FF1B-4BA6-8807-9C1592BC157F}"
EndProject
Project("{9A19103F-16F7-4668-BE54-9A1E7A4F7556}") = "EqDemo.AspNetCoreRazorTypeScript.AdhocReporting", "AspNetCore\Razor-Mvc\RazorTypeScript.AdHocReporting\EqDemo.AspNetCoreRazorTypeScript.AdhocReporting.csproj", "{8B93FB06-2F0A-4092-849A-EE3B3F043B9C}"
EndProject
Project("{2150E333-8FDC-42A3-9474-1A3956D46DE8}") = "Blazor", "Blazor", "{5CA907DE-3505-410D-BEE7-F2D0FFA84B0E}"
EndProject
Project("{9A19103F-16F7-4668-BE54-9A1E7A4F7556}") = "EqDemo.AspNetCoreBlazorServer.AdvancedSearch", "AspNetCore\Blazor\AdvancedSearch.BlazorServerApp\EqDemo.AspNetCoreBlazorServer.AdvancedSearch.csproj", "{121BDBEB-984B-4B76-A8DC-73F963C85C9D}"
EndProject
Project("{9A19103F-16F7-4668-BE54-9A1E7A4F7556}") = "EqDemo.AspNetCoreBlazorWebAsm.AdhocReporting.Server", "AspNetCore\Blazor\AdHocReporting.BlazorWebAsm\Server\EqDemo.AspNetCoreBlazorWebAsm.AdhocReporting.Server.csproj", "{74EDB881-63ED-43C4-8DD4-512978135CAF}"
EndProject
Project("{9A19103F-16F7-4668-BE54-9A1E7A4F7556}") = "EqDemo.AspNetCoreBlazorWebAsm.AdhocReporting.Client", "AspNetCore\Blazor\AdHocReporting.BlazorWebAsm\Client\EqDemo.AspNetCoreBlazorWebAsm.AdhocReporting.Client.csproj", "{29D41145-DBE9-4403-8A30-9F753A4C3F55}"
EndProject
Project("{9A19103F-16F7-4668-BE54-9A1E7A4F7556}") = "EqDemo.AspNetCoreBlazorWebAsm.AdhocReporting.Shared", "AspNetCore\Blazor\AdHocReporting.BlazorWebAsm\Shared\EqDemo.AspNetCoreBlazorWebAsm.AdhocReporting.Shared.csproj", "{3C35905F-DCBD-4C68-BEDF-D738101FC38F}"
EndProject
Project("{2150E333-8FDC-42A3-9474-1A3956D46DE8}") = "EqDemo.AspNetCoreBlazorWebAsm", "EqDemo.AspNetCoreBlazorWebAsm", "{81579B4C-47D5-45B9-998E-D280C5F29732}"
EndProject
Project("{9A19103F-16F7-4668-BE54-9A1E7A4F7556}") = "EqAngularAdvSearch", "AspNetCore\Angular\EqAngularAdvSearch\EqAngularAdvSearch.csproj", "{D2164DCA-A765-4924-A008-E56ED6001036}"
EndProject
Global
	GlobalSection(SolutionConfigurationPlatforms) = preSolution
		Debug|Any CPU = Debug|Any CPU
		Release|Any CPU = Release|Any CPU
	EndGlobalSection
	GlobalSection(ProjectConfigurationPlatforms) = postSolution
		{E6BD0C2A-8447-41C5-946B-3EBC9E7489C6}.Debug|Any CPU.ActiveCfg = Debug|Any CPU
		{E6BD0C2A-8447-41C5-946B-3EBC9E7489C6}.Debug|Any CPU.Build.0 = Debug|Any CPU
		{E6BD0C2A-8447-41C5-946B-3EBC9E7489C6}.Release|Any CPU.ActiveCfg = Release|Any CPU
		{E6BD0C2A-8447-41C5-946B-3EBC9E7489C6}.Release|Any CPU.Build.0 = Release|Any CPU
		{61D26EA2-338F-45F9-804F-6DC29A266470}.Debug|Any CPU.ActiveCfg = Debug|Any CPU
		{61D26EA2-338F-45F9-804F-6DC29A266470}.Debug|Any CPU.Build.0 = Debug|Any CPU
		{61D26EA2-338F-45F9-804F-6DC29A266470}.Release|Any CPU.ActiveCfg = Release|Any CPU
		{61D26EA2-338F-45F9-804F-6DC29A266470}.Release|Any CPU.Build.0 = Release|Any CPU
		{3E09145C-B472-47E8-811B-76388A70901F}.Debug|Any CPU.ActiveCfg = Debug|Any CPU
		{3E09145C-B472-47E8-811B-76388A70901F}.Debug|Any CPU.Build.0 = Debug|Any CPU
		{3E09145C-B472-47E8-811B-76388A70901F}.Release|Any CPU.ActiveCfg = Release|Any CPU
		{3E09145C-B472-47E8-811B-76388A70901F}.Release|Any CPU.Build.0 = Release|Any CPU
		{4B7F5C07-95A5-451D-9572-96DC36792687}.Debug|Any CPU.ActiveCfg = Debug|Any CPU
		{4B7F5C07-95A5-451D-9572-96DC36792687}.Debug|Any CPU.Build.0 = Debug|Any CPU
		{4B7F5C07-95A5-451D-9572-96DC36792687}.Release|Any CPU.ActiveCfg = Release|Any CPU
		{4B7F5C07-95A5-451D-9572-96DC36792687}.Release|Any CPU.Build.0 = Release|Any CPU
		{0F6AE9C6-4353-4014-808B-35E02F77D6B3}.Debug|Any CPU.ActiveCfg = Debug|Any CPU
		{0F6AE9C6-4353-4014-808B-35E02F77D6B3}.Debug|Any CPU.Build.0 = Debug|Any CPU
		{0F6AE9C6-4353-4014-808B-35E02F77D6B3}.Release|Any CPU.ActiveCfg = Release|Any CPU
		{0F6AE9C6-4353-4014-808B-35E02F77D6B3}.Release|Any CPU.Build.0 = Release|Any CPU
		{5DF54061-EBA9-4C8F-A41F-59E8AF0BC697}.Debug|Any CPU.ActiveCfg = Debug|Any CPU
		{5DF54061-EBA9-4C8F-A41F-59E8AF0BC697}.Debug|Any CPU.Build.0 = Debug|Any CPU
		{5DF54061-EBA9-4C8F-A41F-59E8AF0BC697}.Release|Any CPU.ActiveCfg = Release|Any CPU
		{5DF54061-EBA9-4C8F-A41F-59E8AF0BC697}.Release|Any CPU.Build.0 = Release|Any CPU
		{C1656C69-FF1B-4BA6-8807-9C1592BC157F}.Debug|Any CPU.ActiveCfg = Debug|Any CPU
		{C1656C69-FF1B-4BA6-8807-9C1592BC157F}.Debug|Any CPU.Build.0 = Debug|Any CPU
		{C1656C69-FF1B-4BA6-8807-9C1592BC157F}.Release|Any CPU.ActiveCfg = Release|Any CPU
		{C1656C69-FF1B-4BA6-8807-9C1592BC157F}.Release|Any CPU.Build.0 = Release|Any CPU
		{8B93FB06-2F0A-4092-849A-EE3B3F043B9C}.Debug|Any CPU.ActiveCfg = Debug|Any CPU
		{8B93FB06-2F0A-4092-849A-EE3B3F043B9C}.Debug|Any CPU.Build.0 = Debug|Any CPU
		{8B93FB06-2F0A-4092-849A-EE3B3F043B9C}.Release|Any CPU.ActiveCfg = Release|Any CPU
		{8B93FB06-2F0A-4092-849A-EE3B3F043B9C}.Release|Any CPU.Build.0 = Release|Any CPU
		{121BDBEB-984B-4B76-A8DC-73F963C85C9D}.Debug|Any CPU.ActiveCfg = Debug|Any CPU
		{121BDBEB-984B-4B76-A8DC-73F963C85C9D}.Debug|Any CPU.Build.0 = Debug|Any CPU
		{121BDBEB-984B-4B76-A8DC-73F963C85C9D}.Release|Any CPU.ActiveCfg = Release|Any CPU
		{121BDBEB-984B-4B76-A8DC-73F963C85C9D}.Release|Any CPU.Build.0 = Release|Any CPU
		{74EDB881-63ED-43C4-8DD4-512978135CAF}.Debug|Any CPU.ActiveCfg = Debug|Any CPU
		{74EDB881-63ED-43C4-8DD4-512978135CAF}.Debug|Any CPU.Build.0 = Debug|Any CPU
		{74EDB881-63ED-43C4-8DD4-512978135CAF}.Release|Any CPU.ActiveCfg = Release|Any CPU
		{74EDB881-63ED-43C4-8DD4-512978135CAF}.Release|Any CPU.Build.0 = Release|Any CPU
		{29D41145-DBE9-4403-8A30-9F753A4C3F55}.Debug|Any CPU.ActiveCfg = Debug|Any CPU
		{29D41145-DBE9-4403-8A30-9F753A4C3F55}.Debug|Any CPU.Build.0 = Debug|Any CPU
		{29D41145-DBE9-4403-8A30-9F753A4C3F55}.Release|Any CPU.ActiveCfg = Release|Any CPU
		{29D41145-DBE9-4403-8A30-9F753A4C3F55}.Release|Any CPU.Build.0 = Release|Any CPU
		{3C35905F-DCBD-4C68-BEDF-D738101FC38F}.Debug|Any CPU.ActiveCfg = Debug|Any CPU
		{3C35905F-DCBD-4C68-BEDF-D738101FC38F}.Debug|Any CPU.Build.0 = Debug|Any CPU
		{3C35905F-DCBD-4C68-BEDF-D738101FC38F}.Release|Any CPU.ActiveCfg = Release|Any CPU
		{3C35905F-DCBD-4C68-BEDF-D738101FC38F}.Release|Any CPU.Build.0 = Release|Any CPU
		{D2164DCA-A765-4924-A008-E56ED6001036}.Debug|Any CPU.ActiveCfg = Debug|Any CPU
		{D2164DCA-A765-4924-A008-E56ED6001036}.Debug|Any CPU.Build.0 = Debug|Any CPU
		{D2164DCA-A765-4924-A008-E56ED6001036}.Release|Any CPU.ActiveCfg = Release|Any CPU
		{D2164DCA-A765-4924-A008-E56ED6001036}.Release|Any CPU.Build.0 = Release|Any CPU
	EndGlobalSection
	GlobalSection(SolutionProperties) = preSolution
		HideSolutionNode = FALSE
	EndGlobalSection
	GlobalSection(NestedProjects) = preSolution
		{E6BD0C2A-8447-41C5-946B-3EBC9E7489C6} = {D1E3E79A-88D8-4914-B20E-F598FF93B496}
		{61D26EA2-338F-45F9-804F-6DC29A266470} = {F479CC93-A463-418D-94EB-36C740A33879}
		{3E09145C-B472-47E8-811B-76388A70901F} = {B3073273-2DF6-4853-A1FC-4EFFDD7E1422}
		{4B7F5C07-95A5-451D-9572-96DC36792687} = {1776D551-217D-4D0D-B255-5F4DF15AC492}
		{0F6AE9C6-4353-4014-808B-35E02F77D6B3} = {1776D551-217D-4D0D-B255-5F4DF15AC492}
		{5DF54061-EBA9-4C8F-A41F-59E8AF0BC697} = {1776D551-217D-4D0D-B255-5F4DF15AC492}
		{C1656C69-FF1B-4BA6-8807-9C1592BC157F} = {1776D551-217D-4D0D-B255-5F4DF15AC492}
		{8B93FB06-2F0A-4092-849A-EE3B3F043B9C} = {1776D551-217D-4D0D-B255-5F4DF15AC492}
		{121BDBEB-984B-4B76-A8DC-73F963C85C9D} = {5CA907DE-3505-410D-BEE7-F2D0FFA84B0E}
		{74EDB881-63ED-43C4-8DD4-512978135CAF} = {81579B4C-47D5-45B9-998E-D280C5F29732}
		{29D41145-DBE9-4403-8A30-9F753A4C3F55} = {81579B4C-47D5-45B9-998E-D280C5F29732}
		{3C35905F-DCBD-4C68-BEDF-D738101FC38F} = {81579B4C-47D5-45B9-998E-D280C5F29732}
		{81579B4C-47D5-45B9-998E-D280C5F29732} = {5CA907DE-3505-410D-BEE7-F2D0FFA84B0E}
		{D2164DCA-A765-4924-A008-E56ED6001036} = {05B73A78-F79B-4850-B426-E42FF18D893A}
	EndGlobalSection
	GlobalSection(ExtensibilityGlobals) = postSolution
		SolutionGuid = {08B4EA69-9776-4D12-8FAD-CFB8FCD57198}
	EndGlobalSection
EndGlobal
