
Microsoft Visual Studio Solution File, Format Version 12.00
# Visual Studio Version 17
VisualStudioVersion = 17.12.35527.113 d17.12
MinimumVisualStudioVersion = 10.0.40219.1
Project("{FAE04EC0-301F-11D3-BF4B-00C04F79EFBC}") = "EqDemo.WebForms.AdvancedSearch", "AdvancedSearch\EqDemo.WebForms.AdvancedSearch.csproj", "{0907F31A-03D6-4A16-A16B-AB3AFC0C4E50}"
EndProject
Project("{F184B08F-C81C-45F6-A57F-5ABD9991F28F}") = "EqDemo.WebFormsVB.AdvancedSearch", "VB.AdvancedSearch\EqDemo.WebFormsVB.AdvancedSearch.vbproj", "{CD8E53D2-B177-494B-AE08-1CEEF98E43D7}"
EndProject
Global
	GlobalSection(SolutionConfigurationPlatforms) = preSolution
		Debug|Any CPU = Debug|Any CPU
		Release|Any CPU = Release|Any CPU
	EndGlobalSection
	GlobalSection(ProjectConfigurationPlatforms) = postSolution
		{0907F31A-03D6-4A16-A16B-AB3AFC0C4E50}.Debug|Any CPU.ActiveCfg = Debug|Any CPU
		{0907F31A-03D6-4A16-A16B-AB3AFC0C4E50}.Debug|Any CPU.Build.0 = Debug|Any CPU
		{0907F31A-03D6-4A16-A16B-AB3AFC0C4E50}.Release|Any CPU.ActiveCfg = Release|Any CPU
		{0907F31A-03D6-4A16-A16B-AB3AFC0C4E50}.Release|Any CPU.Build.0 = Release|Any CPU
		{CD8E53D2-B177-494B-AE08-1CEEF98E43D7}.Debug|Any CPU.ActiveCfg = Debug|Any CPU
		{CD8E53D2-B177-494B-AE08-1CEEF98E43D7}.Debug|Any CPU.Build.0 = Debug|Any CPU
		{CD8E53D2-B177-494B-AE08-1CEEF98E43D7}.Release|Any CPU.ActiveCfg = Release|Any CPU
		{CD8E53D2-B177-494B-AE08-1CEEF98E43D7}.Release|Any CPU.Build.0 = Release|Any CPU
	EndGlobalSection
	GlobalSection(SolutionProperties) = preSolution
		HideSolutionNode = FALSE
	EndGlobalSection
EndGlobal
