
Microsoft Visual Studio Solution File, Format Version 12.00
# Visual Studio Version 17
VisualStudioVersion = 17.9.34728.123
MinimumVisualStudioVersion = 10.0.40219.1
Project("{FAE04EC0-301F-11D3-BF4B-00C04F79EFBC}") = "AdHocReporting.Server", "AdHocReporting\AdHocReporting.Server\AdHocReporting.Server.csproj", "{A85F8CF7-4E76-49F0-8031-2E70DA0D5564}"
EndProject
Project("{54A90642-561A-4BB1-A94E-469ADEE60C69}") = "AdHocReporting.Сlient", "AdHocReporting\AdHocReporting.Сlient\AdHocReporting.Сlient.esproj", "{4C7CD866-0D06-4E92-B648-988BDFBDC6C8}"
EndProject
Project("{FAE04EC0-301F-11D3-BF4B-00C04F79EFBC}") = "EqDemo.Angular.AdvancedSearch", "AdvancedSearch\EqDemo.Angular.AdvancedSearch.csproj", "{27712286-5B18-44E5-B31B-AF94D5F226D1}"
EndProject
Global
	GlobalSection(SolutionConfigurationPlatforms) = preSolution
		Debug|Any CPU = Debug|Any CPU
		Release|Any CPU = Release|Any CPU
	EndGlobalSection
	GlobalSection(ProjectConfigurationPlatforms) = postSolution
		{A85F8CF7-4E76-49F0-8031-2E70DA0D5564}.Debug|Any CPU.ActiveCfg = Debug|Any CPU
		{A85F8CF7-4E76-49F0-8031-2E70DA0D5564}.Debug|Any CPU.Build.0 = Debug|Any CPU
		{A85F8CF7-4E76-49F0-8031-2E70DA0D5564}.Release|Any CPU.ActiveCfg = Release|Any CPU
		{A85F8CF7-4E76-49F0-8031-2E70DA0D5564}.Release|Any CPU.Build.0 = Release|Any CPU
		{4C7CD866-0D06-4E92-B648-988BDFBDC6C8}.Debug|Any CPU.ActiveCfg = Debug|Any CPU
		{4C7CD866-0D06-4E92-B648-988BDFBDC6C8}.Debug|Any CPU.Build.0 = Debug|Any CPU
		{4C7CD866-0D06-4E92-B648-988BDFBDC6C8}.Debug|Any CPU.Deploy.0 = Debug|Any CPU
		{4C7CD866-0D06-4E92-B648-988BDFBDC6C8}.Release|Any CPU.ActiveCfg = Release|Any CPU
		{4C7CD866-0D06-4E92-B648-988BDFBDC6C8}.Release|Any CPU.Build.0 = Release|Any CPU
		{4C7CD866-0D06-4E92-B648-988BDFBDC6C8}.Release|Any CPU.Deploy.0 = Release|Any CPU
		{27712286-5B18-44E5-B31B-AF94D5F226D1}.Debug|Any CPU.ActiveCfg = Debug|Any CPU
		{27712286-5B18-44E5-B31B-AF94D5F226D1}.Debug|Any CPU.Build.0 = Debug|Any CPU
		{27712286-5B18-44E5-B31B-AF94D5F226D1}.Release|Any CPU.ActiveCfg = Release|Any CPU
		{27712286-5B18-44E5-B31B-AF94D5F226D1}.Release|Any CPU.Build.0 = Release|Any CPU
	EndGlobalSection
	GlobalSection(SolutionProperties) = preSolution
		HideSolutionNode = FALSE
	EndGlobalSection
	GlobalSection(ExtensibilityGlobals) = postSolution
		SolutionGuid = {E3D1071E-29B9-4EFB-8561-8E00649FB512}
	EndGlobalSection
EndGlobal
